// !$*UTF8*$!
{
	archiveVersion = 1;
	classes = {
	};
	objectVersion = 51;
	objects = {

/* Begin PBXBuildFile section */
		080A02A7FF5FEB8C0F90C073 /* Pods_quotidian.framework in Frameworks */ = {isa = PBXBuildFile; fileRef = 65393EAFFF2F85AC57387586 /* Pods_quotidian.framework */; };
		18CED182AF5AA7E9C1260B78 /* HabitDetailVC.swift in Sources */ = {isa = PBXBuildFile; fileRef = 18CEDD4A7009EBC6FAE7BA6F /* HabitDetailVC.swift */; };
		18CED2B6E0C0E373F79FE1F7 /* MyHabitsVC.swift in Sources */ = {isa = PBXBuildFile; fileRef = 18CEDD549434222DBD8007A9 /* MyHabitsVC.swift */; };
		18CED2E364D13F05A4493B53 /* HabitCueVC.swift in Sources */ = {isa = PBXBuildFile; fileRef = 18CEDB48CC0C8AA6F6480580 /* HabitCueVC.swift */; };
		18CED4FC85164A04BB77F00B /* HabitCell.swift in Sources */ = {isa = PBXBuildFile; fileRef = 18CEDE98D28B39FA05DF1106 /* HabitCell.swift */; };
		18CED5D94D77290B5D513077 /* NewRoutineOnboardingVC.swift in Sources */ = {isa = PBXBuildFile; fileRef = 18CED76B7BA4D8CD94916D4E /* NewRoutineOnboardingVC.swift */; };
		18CED66F846E7580006208D1 /* CurrentHabitRoutineVC.swift in Sources */ = {isa = PBXBuildFile; fileRef = 18CED862F41CC8B1FBA63265 /* CurrentHabitRoutineVC.swift */; };
		18CED7CEEC30E900847FCFD5 /* BreakBadHabitsVC.swift in Sources */ = {isa = PBXBuildFile; fileRef = 18CED96F938A1BB2C4870617 /* BreakBadHabitsVC.swift */; };
		18CED80F7E4607FA8F6C1954 /* HabitRewardVC.swift in Sources */ = {isa = PBXBuildFile; fileRef = 18CED05A953B254971B8E1FA /* HabitRewardVC.swift */; };
		18CEDA1B673C363865CB7D3E /* HabitNameVC.swift in Sources */ = {isa = PBXBuildFile; fileRef = 18CED2B1199BF483D529EB03 /* HabitNameVC.swift */; };
		18CEDADA31C08C8B7D8D0AC8 /* NewHabitRoutineVC.swift in Sources */ = {isa = PBXBuildFile; fileRef = 18CED7DA564EAE2B5A903C6E /* NewHabitRoutineVC.swift */; };
		3E2D2F0023FB312500045638 /* RoutineBarChartVC.swift in Sources */ = {isa = PBXBuildFile; fileRef = 3E2D2EFF23FB312400045638 /* RoutineBarChartVC.swift */; };
		3E3646602408281800814F0D /* LocalNotificationsManager.swift in Sources */ = {isa = PBXBuildFile; fileRef = 3E36465F2408281800814F0D /* LocalNotificationsManager.swift */; };
		3E3646622408285800814F0D /* Notification.swift in Sources */ = {isa = PBXBuildFile; fileRef = 3E3646612408285800814F0D /* Notification.swift */; };
		3E364664240887DF00814F0D /* TaskDetailVC.swift in Sources */ = {isa = PBXBuildFile; fileRef = 3E364663240887DF00814F0D /* TaskDetailVC.swift */; };
		3E41563B23F98DDB00B614FB /* RoutineAction.swift in Sources */ = {isa = PBXBuildFile; fileRef = 3E41563A23F98DDB00B614FB /* RoutineAction.swift */; };
		3E41563D23F98E3600B614FB /* Habit.swift in Sources */ = {isa = PBXBuildFile; fileRef = 3E41563C23F98E3600B614FB /* Habit.swift */; };
		3E41564323F9A3A400B614FB /* UIViewController + Extension.swift in Sources */ = {isa = PBXBuildFile; fileRef = 3E41564223F9A3A400B614FB /* UIViewController + Extension.swift */; };
		3E4388B223DD518800B0C45C /* TabController.swift in Sources */ = {isa = PBXBuildFile; fileRef = 3E4388B123DD518800B0C45C /* TabController.swift */; };
		3E4388B523DD51B700B0C45C /* MyListsVC.swift in Sources */ = {isa = PBXBuildFile; fileRef = 3E4388B423DD51B700B0C45C /* MyListsVC.swift */; };
		3E4388B823DD520300B0C45C /* Constants.swift in Sources */ = {isa = PBXBuildFile; fileRef = 3E4388B723DD520300B0C45C /* Constants.swift */; };
		3E4EDD0B23F46AAB001A5FC7 /* ThreeHabitPartsDescText.swift in Sources */ = {isa = PBXBuildFile; fileRef = 3E4EDD0A23F46AAB001A5FC7 /* ThreeHabitPartsDescText.swift */; };
		3E58B50D23DF31C40024DC01 /* TextFieldCell.swift in Sources */ = {isa = PBXBuildFile; fileRef = 3E58B50C23DF31C40024DC01 /* TextFieldCell.swift */; };
		3E58B50F23DF3B7E0024DC01 /* TextViewCell.swift in Sources */ = {isa = PBXBuildFile; fileRef = 3E58B50E23DF3B7E0024DC01 /* TextViewCell.swift */; };
		3E58B51123DF67AE0024DC01 /* TimePickerCell.swift in Sources */ = {isa = PBXBuildFile; fileRef = 3E58B51023DF67AE0024DC01 /* TimePickerCell.swift */; };
		3E58CEA123E88BEF0042881B /* CompletionButtonCell.swift in Sources */ = {isa = PBXBuildFile; fileRef = 3E58CEA023E88BEF0042881B /* CompletionButtonCell.swift */; };
		3E660AD923DFB401008F3F95 /* RepeatDaysSelectionVC.swift in Sources */ = {isa = PBXBuildFile; fileRef = 3E660AD823DFB401008F3F95 /* RepeatDaysSelectionVC.swift */; };
		3E75FA4D24043D36004BA1E5 /* UserList.swift in Sources */ = {isa = PBXBuildFile; fileRef = 3E75FA4C24043D36004BA1E5 /* UserList.swift */; };
		3E75FA5024044540004BA1E5 /* Storable.swift in Sources */ = {isa = PBXBuildFile; fileRef = 3E75FA4F24044540004BA1E5 /* Storable.swift */; };
		3E75FA522404458A004BA1E5 /* StorageContext.swift in Sources */ = {isa = PBXBuildFile; fileRef = 3E75FA512404458A004BA1E5 /* StorageContext.swift */; };
		3E75FA5424044611004BA1E5 /* RealmStorageContext.swift in Sources */ = {isa = PBXBuildFile; fileRef = 3E75FA5324044611004BA1E5 /* RealmStorageContext.swift */; };
		3E75FA562404C29B004BA1E5 /* ListCell.swift in Sources */ = {isa = PBXBuildFile; fileRef = 3E75FA552404C29B004BA1E5 /* ListCell.swift */; };
		3E8C1BC123FE3E3C0009C533 /* EditHabitVC.swift in Sources */ = {isa = PBXBuildFile; fileRef = 3E8C1BC023FE3E3C0009C533 /* EditHabitVC.swift */; };
		3E8C1BC323FF09D40009C533 /* TextFieldWithImageCell.swift in Sources */ = {isa = PBXBuildFile; fileRef = 3E8C1BC223FF09D40009C533 /* TextFieldWithImageCell.swift */; };
		3E8E6E842402D720004B5D04 /* NewListVC.swift in Sources */ = {isa = PBXBuildFile; fileRef = 3E8E6E832402D720004B5D04 /* NewListVC.swift */; };
		3E8FC00D23F3AA26001CE18C /* BreakBadHabitsIntroText.swift in Sources */ = {isa = PBXBuildFile; fileRef = 3E8FC00C23F3AA26001CE18C /* BreakBadHabitsIntroText.swift */; };
		3E971E6A23E1B11E00F6E191 /* Task.swift in Sources */ = {isa = PBXBuildFile; fileRef = 3E971E6923E1B11E00F6E191 /* Task.swift */; };
		3E971E6C23E1B12C00F6E191 /* ChecklistItem.swift in Sources */ = {isa = PBXBuildFile; fileRef = 3E971E6B23E1B12C00F6E191 /* ChecklistItem.swift */; };
		3EA5A76D23E38A76001BB874 /* TaskCell.swift in Sources */ = {isa = PBXBuildFile; fileRef = 3EA5A76C23E38A76001BB874 /* TaskCell.swift */; };
		3EC006F023DD61F3000E30FC /* UIView + Extension.swift in Sources */ = {isa = PBXBuildFile; fileRef = 3EC006EF23DD61F3000E30FC /* UIView + Extension.swift */; };
		3EC006F523DD69C0000E30FC /* NewTaskVC.swift in Sources */ = {isa = PBXBuildFile; fileRef = 3EC006F423DD69C0000E30FC /* NewTaskVC.swift */; };
		3EC0EB4523F5C9810049F13C /* PurpleButton.swift in Sources */ = {isa = PBXBuildFile; fileRef = 3EC0EB4423F5C9810049F13C /* PurpleButton.swift */; };
		3ED686E023DCCE0500955D61 /* AppDelegate.swift in Sources */ = {isa = PBXBuildFile; fileRef = 3ED686DF23DCCE0500955D61 /* AppDelegate.swift */; };
		3ED686E223DCCE0500955D61 /* SceneDelegate.swift in Sources */ = {isa = PBXBuildFile; fileRef = 3ED686E123DCCE0500955D61 /* SceneDelegate.swift */; };
		3ED686E923DCCE0700955D61 /* Assets.xcassets in Resources */ = {isa = PBXBuildFile; fileRef = 3ED686E823DCCE0700955D61 /* Assets.xcassets */; };
		3ED686EC23DCCE0700955D61 /* LaunchScreen.storyboard in Resources */ = {isa = PBXBuildFile; fileRef = 3ED686EA23DCCE0700955D61 /* LaunchScreen.storyboard */; };
		3ED70289240631E50088BC8A /* ListDetailVC.swift in Sources */ = {isa = PBXBuildFile; fileRef = 3ED70288240631E50088BC8A /* ListDetailVC.swift */; };
		3ED7028B24063BE80088BC8A /* UINavigationController + Extension.swift in Sources */ = {isa = PBXBuildFile; fileRef = 3ED7028A24063BE80088BC8A /* UINavigationController + Extension.swift */; };
		3ED7028D240770080088BC8A /* ListInProgressCell.swift in Sources */ = {isa = PBXBuildFile; fileRef = 3ED7028C240770080088BC8A /* ListInProgressCell.swift */; };
		3EDFDD802412ED260076DBC5 /* EditTaskVC.swift in Sources */ = {isa = PBXBuildFile; fileRef = 3EDFDD7F2412ED260076DBC5 /* EditTaskVC.swift */; };
/* End PBXBuildFile section */

/* Begin PBXFileReference section */
		18CED05A953B254971B8E1FA /* HabitRewardVC.swift */ = {isa = PBXFileReference; fileEncoding = 4; lastKnownFileType = sourcecode.swift; path = HabitRewardVC.swift; sourceTree = "<group>"; };
		18CED2B1199BF483D529EB03 /* HabitNameVC.swift */ = {isa = PBXFileReference; fileEncoding = 4; lastKnownFileType = sourcecode.swift; path = HabitNameVC.swift; sourceTree = "<group>"; };
		18CED76B7BA4D8CD94916D4E /* NewRoutineOnboardingVC.swift */ = {isa = PBXFileReference; fileEncoding = 4; lastKnownFileType = sourcecode.swift; path = NewRoutineOnboardingVC.swift; sourceTree = "<group>"; };
		18CED7DA564EAE2B5A903C6E /* NewHabitRoutineVC.swift */ = {isa = PBXFileReference; fileEncoding = 4; lastKnownFileType = sourcecode.swift; path = NewHabitRoutineVC.swift; sourceTree = "<group>"; };
		18CED862F41CC8B1FBA63265 /* CurrentHabitRoutineVC.swift */ = {isa = PBXFileReference; fileEncoding = 4; lastKnownFileType = sourcecode.swift; path = CurrentHabitRoutineVC.swift; sourceTree = "<group>"; };
		18CED96F938A1BB2C4870617 /* BreakBadHabitsVC.swift */ = {isa = PBXFileReference; fileEncoding = 4; lastKnownFileType = sourcecode.swift; path = BreakBadHabitsVC.swift; sourceTree = "<group>"; };
		18CEDB48CC0C8AA6F6480580 /* HabitCueVC.swift */ = {isa = PBXFileReference; fileEncoding = 4; lastKnownFileType = sourcecode.swift; path = HabitCueVC.swift; sourceTree = "<group>"; };
		18CEDD4A7009EBC6FAE7BA6F /* HabitDetailVC.swift */ = {isa = PBXFileReference; fileEncoding = 4; lastKnownFileType = sourcecode.swift; path = HabitDetailVC.swift; sourceTree = "<group>"; };
		18CEDD549434222DBD8007A9 /* MyHabitsVC.swift */ = {isa = PBXFileReference; fileEncoding = 4; lastKnownFileType = sourcecode.swift; path = MyHabitsVC.swift; sourceTree = "<group>"; };
		18CEDE98D28B39FA05DF1106 /* HabitCell.swift */ = {isa = PBXFileReference; fileEncoding = 4; lastKnownFileType = sourcecode.swift; path = HabitCell.swift; sourceTree = "<group>"; };
		3E2D2EFF23FB312400045638 /* RoutineBarChartVC.swift */ = {isa = PBXFileReference; lastKnownFileType = sourcecode.swift; path = RoutineBarChartVC.swift; sourceTree = "<group>"; };
		3E36465F2408281800814F0D /* LocalNotificationsManager.swift */ = {isa = PBXFileReference; lastKnownFileType = sourcecode.swift; path = LocalNotificationsManager.swift; sourceTree = "<group>"; };
		3E3646612408285800814F0D /* Notification.swift */ = {isa = PBXFileReference; lastKnownFileType = sourcecode.swift; path = Notification.swift; sourceTree = "<group>"; };
		3E364663240887DF00814F0D /* TaskDetailVC.swift */ = {isa = PBXFileReference; lastKnownFileType = sourcecode.swift; path = TaskDetailVC.swift; sourceTree = "<group>"; };
		3E41563A23F98DDB00B614FB /* RoutineAction.swift */ = {isa = PBXFileReference; lastKnownFileType = sourcecode.swift; path = RoutineAction.swift; sourceTree = "<group>"; };
		3E41563C23F98E3600B614FB /* Habit.swift */ = {isa = PBXFileReference; lastKnownFileType = sourcecode.swift; path = Habit.swift; sourceTree = "<group>"; };
		3E41564223F9A3A400B614FB /* UIViewController + Extension.swift */ = {isa = PBXFileReference; lastKnownFileType = sourcecode.swift; path = "UIViewController + Extension.swift"; sourceTree = "<group>"; };
		3E4388B123DD518800B0C45C /* TabController.swift */ = {isa = PBXFileReference; lastKnownFileType = sourcecode.swift; path = TabController.swift; sourceTree = "<group>"; };
		3E4388B423DD51B700B0C45C /* MyListsVC.swift */ = {isa = PBXFileReference; lastKnownFileType = sourcecode.swift; path = MyListsVC.swift; sourceTree = "<group>"; };
		3E4388B723DD520300B0C45C /* Constants.swift */ = {isa = PBXFileReference; lastKnownFileType = sourcecode.swift; path = Constants.swift; sourceTree = "<group>"; };
		3E4EDD0A23F46AAB001A5FC7 /* ThreeHabitPartsDescText.swift */ = {isa = PBXFileReference; lastKnownFileType = sourcecode.swift; path = ThreeHabitPartsDescText.swift; sourceTree = "<group>"; };
		3E58B50C23DF31C40024DC01 /* TextFieldCell.swift */ = {isa = PBXFileReference; lastKnownFileType = sourcecode.swift; path = TextFieldCell.swift; sourceTree = "<group>"; };
		3E58B50E23DF3B7E0024DC01 /* TextViewCell.swift */ = {isa = PBXFileReference; lastKnownFileType = sourcecode.swift; path = TextViewCell.swift; sourceTree = "<group>"; };
		3E58B51023DF67AE0024DC01 /* TimePickerCell.swift */ = {isa = PBXFileReference; lastKnownFileType = sourcecode.swift; path = TimePickerCell.swift; sourceTree = "<group>"; };
		3E58CEA023E88BEF0042881B /* CompletionButtonCell.swift */ = {isa = PBXFileReference; lastKnownFileType = sourcecode.swift; path = CompletionButtonCell.swift; sourceTree = "<group>"; };
		3E660AD823DFB401008F3F95 /* RepeatDaysSelectionVC.swift */ = {isa = PBXFileReference; lastKnownFileType = sourcecode.swift; path = RepeatDaysSelectionVC.swift; sourceTree = "<group>"; };
		3E75FA4C24043D36004BA1E5 /* UserList.swift */ = {isa = PBXFileReference; lastKnownFileType = sourcecode.swift; path = UserList.swift; sourceTree = "<group>"; };
		3E75FA4F24044540004BA1E5 /* Storable.swift */ = {isa = PBXFileReference; lastKnownFileType = sourcecode.swift; path = Storable.swift; sourceTree = "<group>"; };
		3E75FA512404458A004BA1E5 /* StorageContext.swift */ = {isa = PBXFileReference; lastKnownFileType = sourcecode.swift; path = StorageContext.swift; sourceTree = "<group>"; };
		3E75FA5324044611004BA1E5 /* RealmStorageContext.swift */ = {isa = PBXFileReference; lastKnownFileType = sourcecode.swift; path = RealmStorageContext.swift; sourceTree = "<group>"; };
		3E75FA552404C29B004BA1E5 /* ListCell.swift */ = {isa = PBXFileReference; lastKnownFileType = sourcecode.swift; path = ListCell.swift; sourceTree = "<group>"; };
		3E8C1BC023FE3E3C0009C533 /* EditHabitVC.swift */ = {isa = PBXFileReference; lastKnownFileType = sourcecode.swift; path = EditHabitVC.swift; sourceTree = "<group>"; };
		3E8C1BC223FF09D40009C533 /* TextFieldWithImageCell.swift */ = {isa = PBXFileReference; lastKnownFileType = sourcecode.swift; path = TextFieldWithImageCell.swift; sourceTree = "<group>"; };
		3E8E6E832402D720004B5D04 /* NewListVC.swift */ = {isa = PBXFileReference; lastKnownFileType = sourcecode.swift; path = NewListVC.swift; sourceTree = "<group>"; };
		3E8FC00C23F3AA26001CE18C /* BreakBadHabitsIntroText.swift */ = {isa = PBXFileReference; lastKnownFileType = sourcecode.swift; path = BreakBadHabitsIntroText.swift; sourceTree = "<group>"; };
		3E971E6923E1B11E00F6E191 /* Task.swift */ = {isa = PBXFileReference; lastKnownFileType = sourcecode.swift; path = Task.swift; sourceTree = "<group>"; };
		3E971E6B23E1B12C00F6E191 /* ChecklistItem.swift */ = {isa = PBXFileReference; lastKnownFileType = sourcecode.swift; path = ChecklistItem.swift; sourceTree = "<group>"; };
		3EA5A76C23E38A76001BB874 /* TaskCell.swift */ = {isa = PBXFileReference; lastKnownFileType = sourcecode.swift; path = TaskCell.swift; sourceTree = "<group>"; };
		3EC006EF23DD61F3000E30FC /* UIView + Extension.swift */ = {isa = PBXFileReference; lastKnownFileType = sourcecode.swift; path = "UIView + Extension.swift"; sourceTree = "<group>"; };
		3EC006F423DD69C0000E30FC /* NewTaskVC.swift */ = {isa = PBXFileReference; lastKnownFileType = sourcecode.swift; path = NewTaskVC.swift; sourceTree = "<group>"; };
		3EC0EB4423F5C9810049F13C /* PurpleButton.swift */ = {isa = PBXFileReference; lastKnownFileType = sourcecode.swift; path = PurpleButton.swift; sourceTree = "<group>"; };
		3ED686DC23DCCE0500955D61 /* quotidian.app */ = {isa = PBXFileReference; explicitFileType = wrapper.application; includeInIndex = 0; path = quotidian.app; sourceTree = BUILT_PRODUCTS_DIR; };
		3ED686DF23DCCE0500955D61 /* AppDelegate.swift */ = {isa = PBXFileReference; lastKnownFileType = sourcecode.swift; path = AppDelegate.swift; sourceTree = "<group>"; };
		3ED686E123DCCE0500955D61 /* SceneDelegate.swift */ = {isa = PBXFileReference; lastKnownFileType = sourcecode.swift; path = SceneDelegate.swift; sourceTree = "<group>"; };
		3ED686E823DCCE0700955D61 /* Assets.xcassets */ = {isa = PBXFileReference; lastKnownFileType = folder.assetcatalog; path = Assets.xcassets; sourceTree = "<group>"; };
		3ED686EB23DCCE0700955D61 /* Base */ = {isa = PBXFileReference; lastKnownFileType = file.storyboard; name = Base; path = Base.lproj/LaunchScreen.storyboard; sourceTree = "<group>"; };
		3ED686ED23DCCE0700955D61 /* Info.plist */ = {isa = PBXFileReference; lastKnownFileType = text.plist.xml; path = Info.plist; sourceTree = "<group>"; };
		3ED70288240631E50088BC8A /* ListDetailVC.swift */ = {isa = PBXFileReference; lastKnownFileType = sourcecode.swift; path = ListDetailVC.swift; sourceTree = "<group>"; };
		3ED7028A24063BE80088BC8A /* UINavigationController + Extension.swift */ = {isa = PBXFileReference; lastKnownFileType = sourcecode.swift; path = "UINavigationController + Extension.swift"; sourceTree = "<group>"; };
		3ED7028C240770080088BC8A /* ListInProgressCell.swift */ = {isa = PBXFileReference; lastKnownFileType = sourcecode.swift; path = ListInProgressCell.swift; sourceTree = "<group>"; };
		3EDFDD7F2412ED260076DBC5 /* EditTaskVC.swift */ = {isa = PBXFileReference; lastKnownFileType = sourcecode.swift; path = EditTaskVC.swift; sourceTree = "<group>"; };
		524830ADCB0AE818ED122F10 /* Pods-quotidian.debug.xcconfig */ = {isa = PBXFileReference; includeInIndex = 1; lastKnownFileType = text.xcconfig; name = "Pods-quotidian.debug.xcconfig"; path = "Target Support Files/Pods-quotidian/Pods-quotidian.debug.xcconfig"; sourceTree = "<group>"; };
		65393EAFFF2F85AC57387586 /* Pods_quotidian.framework */ = {isa = PBXFileReference; explicitFileType = wrapper.framework; includeInIndex = 0; path = Pods_quotidian.framework; sourceTree = BUILT_PRODUCTS_DIR; };
		B5CB5F5548ACF3F476020EB1 /* Pods-quotidian.release.xcconfig */ = {isa = PBXFileReference; includeInIndex = 1; lastKnownFileType = text.xcconfig; name = "Pods-quotidian.release.xcconfig"; path = "Target Support Files/Pods-quotidian/Pods-quotidian.release.xcconfig"; sourceTree = "<group>"; };
/* End PBXFileReference section */

/* Begin PBXFrameworksBuildPhase section */
		3ED686D923DCCE0500955D61 /* Frameworks */ = {
			isa = PBXFrameworksBuildPhase;
			buildActionMask = 2147483647;
			files = (
				080A02A7FF5FEB8C0F90C073 /* Pods_quotidian.framework in Frameworks */,
			);
			runOnlyForDeploymentPostprocessing = 0;
		};
/* End PBXFrameworksBuildPhase section */

/* Begin PBXGroup section */
		18CED52308CACE6A6F17AF75 /* NewHabit */ = {
			isa = PBXGroup;
			children = (
				18CEDFDD9B0D250192A38D91 /* InitialOnboarding */,
				18CED05A953B254971B8E1FA /* HabitRewardVC.swift */,
				18CED862F41CC8B1FBA63265 /* CurrentHabitRoutineVC.swift */,
				18CEDB48CC0C8AA6F6480580 /* HabitCueVC.swift */,
				18CED7DA564EAE2B5A903C6E /* NewHabitRoutineVC.swift */,
				18CED2B1199BF483D529EB03 /* HabitNameVC.swift */,
			);
			path = NewHabit;
			sourceTree = "<group>";
		};
		18CED6AE08FC9B0D832B508F /* HabitDetail */ = {
			isa = PBXGroup;
			children = (
				3E2D2EFF23FB312400045638 /* RoutineBarChartVC.swift */,
				18CEDD4A7009EBC6FAE7BA6F /* HabitDetailVC.swift */,
				3E8C1BC023FE3E3C0009C533 /* EditHabitVC.swift */,
			);
			path = HabitDetail;
			sourceTree = "<group>";
		};
		18CEDFDD9B0D250192A38D91 /* InitialOnboarding */ = {
			isa = PBXGroup;
			children = (
				18CED96F938A1BB2C4870617 /* BreakBadHabitsVC.swift */,
				18CED76B7BA4D8CD94916D4E /* NewRoutineOnboardingVC.swift */,
			);
			path = InitialOnboarding;
			sourceTree = "<group>";
		};
		1EBD358CF5EA7F0D951FD7FA /* Pods */ = {
			isa = PBXGroup;
			children = (
				524830ADCB0AE818ED122F10 /* Pods-quotidian.debug.xcconfig */,
				B5CB5F5548ACF3F476020EB1 /* Pods-quotidian.release.xcconfig */,
			);
			path = Pods;
			sourceTree = "<group>";
		};
		3E2D2EFE23FB310800045638 /* HabitDetail */ = {
			isa = PBXGroup;
			children = (
			);
			path = HabitDetail;
			sourceTree = "<group>";
		};
		3E36465E2408280300814F0D /* NotificationsManager */ = {
			isa = PBXGroup;
			children = (
				3E36465F2408281800814F0D /* LocalNotificationsManager.swift */,
				3E3646612408285800814F0D /* Notification.swift */,
			);
			path = NotificationsManager;
			sourceTree = "<group>";
		};
		3E41563923F98DCC00B614FB /* NewHabit */ = {
			isa = PBXGroup;
			children = (
				3E41563A23F98DDB00B614FB /* RoutineAction.swift */,
				3E41563C23F98E3600B614FB /* Habit.swift */,
			);
			path = NewHabit;
			sourceTree = "<group>";
		};
		3E4388AB23DD512700B0C45C /* Controller */ = {
			isa = PBXGroup;
			children = (
				3E4388B023DD516700B0C45C /* General */,
				3E4388B323DD51A800B0C45C /* Lists */,
				3EE502BC23EE6A5900659802 /* Habits */,
			);
			path = Controller;
			sourceTree = "<group>";
		};
		3E4388AC23DD512F00B0C45C /* View */ = {
			isa = PBXGroup;
			children = (
				3E8FC00A23F3AA02001CE18C /* Habits */,
				3EA5A76B23E38A64001BB874 /* Lists */,
				3E58B50B23DF31B40024DC01 /* General */,
			);
			path = View;
			sourceTree = "<group>";
		};
		3E4388AD23DD513400B0C45C /* Model */ = {
			isa = PBXGroup;
			children = (
				3E75FA4B24043D28004BA1E5 /* List */,
				3E41563923F98DCC00B614FB /* NewHabit */,
				3E971E6823E1B10B00F6E191 /* NewTask */,
			);
			path = Model;
			sourceTree = "<group>";
		};
		3E4388AE23DD513A00B0C45C /* Misc */ = {
			isa = PBXGroup;
			children = (
				3ED686E823DCCE0700955D61 /* Assets.xcassets */,
				3ED686DF23DCCE0500955D61 /* AppDelegate.swift */,
				3ED686E123DCCE0500955D61 /* SceneDelegate.swift */,
				3ED686EA23DCCE0700955D61 /* LaunchScreen.storyboard */,
			);
			path = Misc;
			sourceTree = "<group>";
		};
		3E4388AF23DD513E00B0C45C /* Extensions */ = {
			isa = PBXGroup;
			children = (
				3EC006EF23DD61F3000E30FC /* UIView + Extension.swift */,
				3E41564223F9A3A400B614FB /* UIViewController + Extension.swift */,
				3ED7028A24063BE80088BC8A /* UINavigationController + Extension.swift */,
			);
			path = Extensions;
			sourceTree = "<group>";
		};
		3E4388B023DD516700B0C45C /* General */ = {
			isa = PBXGroup;
			children = (
				3E4388B123DD518800B0C45C /* TabController.swift */,
			);
			path = General;
			sourceTree = "<group>";
		};
		3E4388B323DD51A800B0C45C /* Lists */ = {
			isa = PBXGroup;
			children = (
				3E4388B423DD51B700B0C45C /* MyListsVC.swift */,
				3E8E6E832402D720004B5D04 /* NewListVC.swift */,
				3E660AD823DFB401008F3F95 /* RepeatDaysSelectionVC.swift */,
				3ED70288240631E50088BC8A /* ListDetailVC.swift */,
				3EDFDD7E2412ED0D0076DBC5 /* Tasks */,
			);
			path = Lists;
			sourceTree = "<group>";
		};
		3E4388B623DD51F800B0C45C /* Constants */ = {
			isa = PBXGroup;
			children = (
				3E4388B723DD520300B0C45C /* Constants.swift */,
			);
			path = Constants;
			sourceTree = "<group>";
		};
		3E58B50B23DF31B40024DC01 /* General */ = {
			isa = PBXGroup;
			children = (
				3E58B50C23DF31C40024DC01 /* TextFieldCell.swift */,
				3E58B50E23DF3B7E0024DC01 /* TextViewCell.swift */,
				3E58B51023DF67AE0024DC01 /* TimePickerCell.swift */,
				3E8C1BC223FF09D40009C533 /* TextFieldWithImageCell.swift */,
			);
			path = General;
			sourceTree = "<group>";
		};
		3E75FA4B24043D28004BA1E5 /* List */ = {
			isa = PBXGroup;
			children = (
				3E75FA4C24043D36004BA1E5 /* UserList.swift */,
			);
			path = List;
			sourceTree = "<group>";
		};
		3E75FA4E24044528004BA1E5 /* DBManager */ = {
			isa = PBXGroup;
			children = (
				3E75FA4F24044540004BA1E5 /* Storable.swift */,
				3E75FA512404458A004BA1E5 /* StorageContext.swift */,
				3E75FA5324044611004BA1E5 /* RealmStorageContext.swift */,
			);
			path = DBManager;
			sourceTree = "<group>";
		};
		3E8FC00A23F3AA02001CE18C /* Habits */ = {
			isa = PBXGroup;
			children = (
				3E2D2EFE23FB310800045638 /* HabitDetail */,
				3E8FC00B23F3AA08001CE18C /* NewHabitOnboarding */,
				18CEDE98D28B39FA05DF1106 /* HabitCell.swift */,
			);
			path = Habits;
			sourceTree = "<group>";
		};
		3E8FC00B23F3AA08001CE18C /* NewHabitOnboarding */ = {
			isa = PBXGroup;
			children = (
				3E8FC00C23F3AA26001CE18C /* BreakBadHabitsIntroText.swift */,
				3E4EDD0A23F46AAB001A5FC7 /* ThreeHabitPartsDescText.swift */,
				3EC0EB4423F5C9810049F13C /* PurpleButton.swift */,
			);
			path = NewHabitOnboarding;
			sourceTree = "<group>";
		};
		3E971E6823E1B10B00F6E191 /* NewTask */ = {
			isa = PBXGroup;
			children = (
				3E971E6923E1B11E00F6E191 /* Task.swift */,
				3E971E6B23E1B12C00F6E191 /* ChecklistItem.swift */,
			);
			path = NewTask;
			sourceTree = "<group>";
		};
		3EA5A76B23E38A64001BB874 /* Lists */ = {
			isa = PBXGroup;
			children = (
				3EA5A76C23E38A76001BB874 /* TaskCell.swift */,
				3E58CEA023E88BEF0042881B /* CompletionButtonCell.swift */,
				3E75FA552404C29B004BA1E5 /* ListCell.swift */,
				3ED7028C240770080088BC8A /* ListInProgressCell.swift */,
			);
			path = Lists;
			sourceTree = "<group>";
		};
		3ED686D323DCCE0500955D61 = {
			isa = PBXGroup;
			children = (
				3ED686DE23DCCE0500955D61 /* quotidian */,
				3ED686DD23DCCE0500955D61 /* Products */,
				1EBD358CF5EA7F0D951FD7FA /* Pods */,
				99BE4424E0314170163CFC80 /* Frameworks */,
			);
			sourceTree = "<group>";
		};
		3ED686DD23DCCE0500955D61 /* Products */ = {
			isa = PBXGroup;
			children = (
				3ED686DC23DCCE0500955D61 /* quotidian.app */,
			);
			name = Products;
			sourceTree = "<group>";
		};
		3ED686DE23DCCE0500955D61 /* quotidian */ = {
			isa = PBXGroup;
			children = (
				3E36465E2408280300814F0D /* NotificationsManager */,
				3E75FA4E24044528004BA1E5 /* DBManager */,
				3E4388B623DD51F800B0C45C /* Constants */,
				3E4388AF23DD513E00B0C45C /* Extensions */,
				3E4388AE23DD513A00B0C45C /* Misc */,
				3E4388AD23DD513400B0C45C /* Model */,
				3E4388AC23DD512F00B0C45C /* View */,
				3E4388AB23DD512700B0C45C /* Controller */,
				3ED686ED23DCCE0700955D61 /* Info.plist */,
			);
			path = quotidian;
			sourceTree = "<group>";
		};
		3EDFDD7E2412ED0D0076DBC5 /* Tasks */ = {
			isa = PBXGroup;
			children = (
				3EC006F423DD69C0000E30FC /* NewTaskVC.swift */,
				3E364663240887DF00814F0D /* TaskDetailVC.swift */,
				3EDFDD7F2412ED260076DBC5 /* EditTaskVC.swift */,
			);
			path = Tasks;
			sourceTree = "<group>";
		};
		3EE502BC23EE6A5900659802 /* Habits */ = {
			isa = PBXGroup;
			children = (
				18CED52308CACE6A6F17AF75 /* NewHabit */,
				18CED6AE08FC9B0D832B508F /* HabitDetail */,
				18CEDD549434222DBD8007A9 /* MyHabitsVC.swift */,
			);
			path = Habits;
			sourceTree = "<group>";
		};
		99BE4424E0314170163CFC80 /* Frameworks */ = {
			isa = PBXGroup;
			children = (
				65393EAFFF2F85AC57387586 /* Pods_quotidian.framework */,
			);
			name = Frameworks;
			sourceTree = "<group>";
		};
/* End PBXGroup section */

/* Begin PBXNativeTarget section */
		3ED686DB23DCCE0500955D61 /* quotidian */ = {
			isa = PBXNativeTarget;
			buildConfigurationList = 3ED686F023DCCE0700955D61 /* Build configuration list for PBXNativeTarget "quotidian" */;
			buildPhases = (
				E9651906713C16F987B0330C /* [CP] Check Pods Manifest.lock */,
				3ED686D823DCCE0500955D61 /* Sources */,
				3ED686D923DCCE0500955D61 /* Frameworks */,
				3ED686DA23DCCE0500955D61 /* Resources */,
				7A4AF6C6A75E8D18F2F7832C /* [CP] Embed Pods Frameworks */,
			);
			buildRules = (
			);
			dependencies = (
			);
			name = quotidian;
			productName = quotidian;
			productReference = 3ED686DC23DCCE0500955D61 /* quotidian.app */;
			productType = "com.apple.product-type.application";
		};
/* End PBXNativeTarget section */

/* Begin PBXProject section */
		3ED686D423DCCE0500955D61 /* Project object */ = {
			isa = PBXProject;
			attributes = {
				LastSwiftUpdateCheck = 1130;
				LastUpgradeCheck = 1130;
				ORGANIZATIONNAME = "Jake Correnti";
				TargetAttributes = {
					3ED686DB23DCCE0500955D61 = {
						CreatedOnToolsVersion = 11.3;
					};
				};
			};
			buildConfigurationList = 3ED686D723DCCE0500955D61 /* Build configuration list for PBXProject "quotidian" */;
			compatibilityVersion = "Xcode 9.3";
			developmentRegion = en;
			hasScannedForEncodings = 0;
			knownRegions = (
				en,
				Base,
			);
			mainGroup = 3ED686D323DCCE0500955D61;
			productRefGroup = 3ED686DD23DCCE0500955D61 /* Products */;
			projectDirPath = "";
			projectRoot = "";
			targets = (
				3ED686DB23DCCE0500955D61 /* quotidian */,
			);
		};
/* End PBXProject section */

/* Begin PBXResourcesBuildPhase section */
		3ED686DA23DCCE0500955D61 /* Resources */ = {
			isa = PBXResourcesBuildPhase;
			buildActionMask = 2147483647;
			files = (
				3ED686EC23DCCE0700955D61 /* LaunchScreen.storyboard in Resources */,
				3ED686E923DCCE0700955D61 /* Assets.xcassets in Resources */,
			);
			runOnlyForDeploymentPostprocessing = 0;
		};
/* End PBXResourcesBuildPhase section */

/* Begin PBXShellScriptBuildPhase section */
		7A4AF6C6A75E8D18F2F7832C /* [CP] Embed Pods Frameworks */ = {
			isa = PBXShellScriptBuildPhase;
			buildActionMask = 2147483647;
			files = (
			);
			inputFileListPaths = (
				"${PODS_ROOT}/Target Support Files/Pods-quotidian/Pods-quotidian-frameworks-${CONFIGURATION}-input-files.xcfilelist",
			);
			name = "[CP] Embed Pods Frameworks";
			outputFileListPaths = (
				"${PODS_ROOT}/Target Support Files/Pods-quotidian/Pods-quotidian-frameworks-${CONFIGURATION}-output-files.xcfilelist",
			);
			runOnlyForDeploymentPostprocessing = 0;
			shellPath = /bin/sh;
			shellScript = "\"${PODS_ROOT}/Target Support Files/Pods-quotidian/Pods-quotidian-frameworks.sh\"\n";
			showEnvVarsInLog = 0;
		};
		E9651906713C16F987B0330C /* [CP] Check Pods Manifest.lock */ = {
			isa = PBXShellScriptBuildPhase;
			buildActionMask = 2147483647;
			files = (
			);
			inputFileListPaths = (
			);
			inputPaths = (
				"${PODS_PODFILE_DIR_PATH}/Podfile.lock",
				"${PODS_ROOT}/Manifest.lock",
			);
			name = "[CP] Check Pods Manifest.lock";
			outputFileListPaths = (
			);
			outputPaths = (
				"$(DERIVED_FILE_DIR)/Pods-quotidian-checkManifestLockResult.txt",
			);
			runOnlyForDeploymentPostprocessing = 0;
			shellPath = /bin/sh;
			shellScript = "diff \"${PODS_PODFILE_DIR_PATH}/Podfile.lock\" \"${PODS_ROOT}/Manifest.lock\" > /dev/null\nif [ $? != 0 ] ; then\n    # print error to STDERR\n    echo \"error: The sandbox is not in sync with the Podfile.lock. Run 'pod install' or update your CocoaPods installation.\" >&2\n    exit 1\nfi\n# This output is used by Xcode 'outputs' to avoid re-running this script phase.\necho \"SUCCESS\" > \"${SCRIPT_OUTPUT_FILE_0}\"\n";
			showEnvVarsInLog = 0;
		};
/* End PBXShellScriptBuildPhase section */

/* Begin PBXSourcesBuildPhase section */
		3ED686D823DCCE0500955D61 /* Sources */ = {
			isa = PBXSourcesBuildPhase;
			buildActionMask = 2147483647;
			files = (
				3E58B50F23DF3B7E0024DC01 /* TextViewCell.swift in Sources */,
				3E4388B823DD520300B0C45C /* Constants.swift in Sources */,
				3E364664240887DF00814F0D /* TaskDetailVC.swift in Sources */,
				3E4388B523DD51B700B0C45C /* MyListsVC.swift in Sources */,
				3E8E6E842402D720004B5D04 /* NewListVC.swift in Sources */,
				3EC006F523DD69C0000E30FC /* NewTaskVC.swift in Sources */,
				3E971E6A23E1B11E00F6E191 /* Task.swift in Sources */,
				3E660AD923DFB401008F3F95 /* RepeatDaysSelectionVC.swift in Sources */,
				3E58CEA123E88BEF0042881B /* CompletionButtonCell.swift in Sources */,
				3E971E6C23E1B12C00F6E191 /* ChecklistItem.swift in Sources */,
				3E8C1BC123FE3E3C0009C533 /* EditHabitVC.swift in Sources */,
				3ED7028D240770080088BC8A /* ListInProgressCell.swift in Sources */,
				3E3646622408285800814F0D /* Notification.swift in Sources */,
				3E4EDD0B23F46AAB001A5FC7 /* ThreeHabitPartsDescText.swift in Sources */,
				3E2D2F0023FB312500045638 /* RoutineBarChartVC.swift in Sources */,
				3EC006F023DD61F3000E30FC /* UIView + Extension.swift in Sources */,
				3E75FA562404C29B004BA1E5 /* ListCell.swift in Sources */,
				3EA5A76D23E38A76001BB874 /* TaskCell.swift in Sources */,
				3E41563B23F98DDB00B614FB /* RoutineAction.swift in Sources */,
				3ED686E023DCCE0500955D61 /* AppDelegate.swift in Sources */,
				3E8FC00D23F3AA26001CE18C /* BreakBadHabitsIntroText.swift in Sources */,
				3E75FA522404458A004BA1E5 /* StorageContext.swift in Sources */,
				3E75FA4D24043D36004BA1E5 /* UserList.swift in Sources */,
				3E4388B223DD518800B0C45C /* TabController.swift in Sources */,
				3E3646602408281800814F0D /* LocalNotificationsManager.swift in Sources */,
				3ED686E223DCCE0500955D61 /* SceneDelegate.swift in Sources */,
				3EC0EB4523F5C9810049F13C /* PurpleButton.swift in Sources */,
				3E41564323F9A3A400B614FB /* UIViewController + Extension.swift in Sources */,
				3E58B50D23DF31C40024DC01 /* TextFieldCell.swift in Sources */,
				3E41563D23F98E3600B614FB /* Habit.swift in Sources */,
				3E58B51123DF67AE0024DC01 /* TimePickerCell.swift in Sources */,
				3ED7028B24063BE80088BC8A /* UINavigationController + Extension.swift in Sources */,
				18CED7CEEC30E900847FCFD5 /* BreakBadHabitsVC.swift in Sources */,
				18CED5D94D77290B5D513077 /* NewRoutineOnboardingVC.swift in Sources */,
				18CED80F7E4607FA8F6C1954 /* HabitRewardVC.swift in Sources */,
				18CED66F846E7580006208D1 /* CurrentHabitRoutineVC.swift in Sources */,
				3E75FA5424044611004BA1E5 /* RealmStorageContext.swift in Sources */,
				18CED2E364D13F05A4493B53 /* HabitCueVC.swift in Sources */,
				3E75FA5024044540004BA1E5 /* Storable.swift in Sources */,
				18CEDADA31C08C8B7D8D0AC8 /* NewHabitRoutineVC.swift in Sources */,
				18CEDA1B673C363865CB7D3E /* HabitNameVC.swift in Sources */,
				3ED70289240631E50088BC8A /* ListDetailVC.swift in Sources */,
				3EDFDD802412ED260076DBC5 /* EditTaskVC.swift in Sources */,
				3E8C1BC323FF09D40009C533 /* TextFieldWithImageCell.swift in Sources */,
				18CED182AF5AA7E9C1260B78 /* HabitDetailVC.swift in Sources */,
				18CED2B6E0C0E373F79FE1F7 /* MyHabitsVC.swift in Sources */,
				18CED4FC85164A04BB77F00B /* HabitCell.swift in Sources */,
			);
			runOnlyForDeploymentPostprocessing = 0;
		};
/* End PBXSourcesBuildPhase section */

/* Begin PBXVariantGroup section */
		3ED686EA23DCCE0700955D61 /* LaunchScreen.storyboard */ = {
			isa = PBXVariantGroup;
			children = (
				3ED686EB23DCCE0700955D61 /* Base */,
			);
			name = LaunchScreen.storyboard;
			sourceTree = "<group>";
		};
/* End PBXVariantGroup section */

/* Begin XCBuildConfiguration section */
		3ED686EE23DCCE0700955D61 /* Debug */ = {
			isa = XCBuildConfiguration;
			buildSettings = {
				ALWAYS_SEARCH_USER_PATHS = NO;
				CLANG_ANALYZER_NONNULL = YES;
				CLANG_ANALYZER_NUMBER_OBJECT_CONVERSION = YES_AGGRESSIVE;
				CLANG_CXX_LANGUAGE_STANDARD = "gnu++14";
				CLANG_CXX_LIBRARY = "libc++";
				CLANG_ENABLE_MODULES = YES;
				CLANG_ENABLE_OBJC_ARC = YES;
				CLANG_ENABLE_OBJC_WEAK = YES;
				CLANG_WARN_BLOCK_CAPTURE_AUTORELEASING = YES;
				CLANG_WARN_BOOL_CONVERSION = YES;
				CLANG_WARN_COMMA = YES;
				CLANG_WARN_CONSTANT_CONVERSION = YES;
				CLANG_WARN_DEPRECATED_OBJC_IMPLEMENTATIONS = YES;
				CLANG_WARN_DIRECT_OBJC_ISA_USAGE = YES_ERROR;
				CLANG_WARN_DOCUMENTATION_COMMENTS = YES;
				CLANG_WARN_EMPTY_BODY = YES;
				CLANG_WARN_ENUM_CONVERSION = YES;
				CLANG_WARN_INFINITE_RECURSION = YES;
				CLANG_WARN_INT_CONVERSION = YES;
				CLANG_WARN_NON_LITERAL_NULL_CONVERSION = YES;
				CLANG_WARN_OBJC_IMPLICIT_RETAIN_SELF = YES;
				CLANG_WARN_OBJC_LITERAL_CONVERSION = YES;
				CLANG_WARN_OBJC_ROOT_CLASS = YES_ERROR;
				CLANG_WARN_RANGE_LOOP_ANALYSIS = YES;
				CLANG_WARN_STRICT_PROTOTYPES = YES;
				CLANG_WARN_SUSPICIOUS_MOVE = YES;
				CLANG_WARN_UNGUARDED_AVAILABILITY = YES_AGGRESSIVE;
				CLANG_WARN_UNREACHABLE_CODE = YES;
				CLANG_WARN__DUPLICATE_METHOD_MATCH = YES;
				COPY_PHASE_STRIP = NO;
				DEBUG_INFORMATION_FORMAT = dwarf;
				ENABLE_STRICT_OBJC_MSGSEND = YES;
				ENABLE_TESTABILITY = YES;
				GCC_C_LANGUAGE_STANDARD = gnu11;
				GCC_DYNAMIC_NO_PIC = NO;
				GCC_NO_COMMON_BLOCKS = YES;
				GCC_OPTIMIZATION_LEVEL = 0;
				GCC_PREPROCESSOR_DEFINITIONS = (
					"DEBUG=1",
					"$(inherited)",
				);
				GCC_WARN_64_TO_32_BIT_CONVERSION = YES;
				GCC_WARN_ABOUT_RETURN_TYPE = YES_ERROR;
				GCC_WARN_UNDECLARED_SELECTOR = YES;
				GCC_WARN_UNINITIALIZED_AUTOS = YES_AGGRESSIVE;
				GCC_WARN_UNUSED_FUNCTION = YES;
				GCC_WARN_UNUSED_VARIABLE = YES;
				IPHONEOS_DEPLOYMENT_TARGET = 13.2;
				MTL_ENABLE_DEBUG_INFO = INCLUDE_SOURCE;
				MTL_FAST_MATH = YES;
				ONLY_ACTIVE_ARCH = YES;
				SDKROOT = iphoneos;
				SWIFT_ACTIVE_COMPILATION_CONDITIONS = DEBUG;
				SWIFT_OPTIMIZATION_LEVEL = "-Onone";
			};
			name = Debug;
		};
		3ED686EF23DCCE0700955D61 /* Release */ = {
			isa = XCBuildConfiguration;
			buildSettings = {
				ALWAYS_SEARCH_USER_PATHS = NO;
				CLANG_ANALYZER_NONNULL = YES;
				CLANG_ANALYZER_NUMBER_OBJECT_CONVERSION = YES_AGGRESSIVE;
				CLANG_CXX_LANGUAGE_STANDARD = "gnu++14";
				CLANG_CXX_LIBRARY = "libc++";
				CLANG_ENABLE_MODULES = YES;
				CLANG_ENABLE_OBJC_ARC = YES;
				CLANG_ENABLE_OBJC_WEAK = YES;
				CLANG_WARN_BLOCK_CAPTURE_AUTORELEASING = YES;
				CLANG_WARN_BOOL_CONVERSION = YES;
				CLANG_WARN_COMMA = YES;
				CLANG_WARN_CONSTANT_CONVERSION = YES;
				CLANG_WARN_DEPRECATED_OBJC_IMPLEMENTATIONS = YES;
				CLANG_WARN_DIRECT_OBJC_ISA_USAGE = YES_ERROR;
				CLANG_WARN_DOCUMENTATION_COMMENTS = YES;
				CLANG_WARN_EMPTY_BODY = YES;
				CLANG_WARN_ENUM_CONVERSION = YES;
				CLANG_WARN_INFINITE_RECURSION = YES;
				CLANG_WARN_INT_CONVERSION = YES;
				CLANG_WARN_NON_LITERAL_NULL_CONVERSION = YES;
				CLANG_WARN_OBJC_IMPLICIT_RETAIN_SELF = YES;
				CLANG_WARN_OBJC_LITERAL_CONVERSION = YES;
				CLANG_WARN_OBJC_ROOT_CLASS = YES_ERROR;
				CLANG_WARN_RANGE_LOOP_ANALYSIS = YES;
				CLANG_WARN_STRICT_PROTOTYPES = YES;
				CLANG_WARN_SUSPICIOUS_MOVE = YES;
				CLANG_WARN_UNGUARDED_AVAILABILITY = YES_AGGRESSIVE;
				CLANG_WARN_UNREACHABLE_CODE = YES;
				CLANG_WARN__DUPLICATE_METHOD_MATCH = YES;
				COPY_PHASE_STRIP = NO;
				DEBUG_INFORMATION_FORMAT = "dwarf-with-dsym";
				ENABLE_NS_ASSERTIONS = NO;
				ENABLE_STRICT_OBJC_MSGSEND = YES;
				GCC_C_LANGUAGE_STANDARD = gnu11;
				GCC_NO_COMMON_BLOCKS = YES;
				GCC_WARN_64_TO_32_BIT_CONVERSION = YES;
				GCC_WARN_ABOUT_RETURN_TYPE = YES_ERROR;
				GCC_WARN_UNDECLARED_SELECTOR = YES;
				GCC_WARN_UNINITIALIZED_AUTOS = YES_AGGRESSIVE;
				GCC_WARN_UNUSED_FUNCTION = YES;
				GCC_WARN_UNUSED_VARIABLE = YES;
				IPHONEOS_DEPLOYMENT_TARGET = 13.2;
				MTL_ENABLE_DEBUG_INFO = NO;
				MTL_FAST_MATH = YES;
				SDKROOT = iphoneos;
				SWIFT_COMPILATION_MODE = wholemodule;
				SWIFT_OPTIMIZATION_LEVEL = "-O";
				VALIDATE_PRODUCT = YES;
			};
			name = Release;
		};
		3ED686F123DCCE0700955D61 /* Debug */ = {
			isa = XCBuildConfiguration;
			baseConfigurationReference = 524830ADCB0AE818ED122F10 /* Pods-quotidian.debug.xcconfig */;
			buildSettings = {
				ASSETCATALOG_COMPILER_APPICON_NAME = AppIcon;
				CODE_SIGN_ENTITLEMENTS = quotidian/quotidian.entitlements;
				CODE_SIGN_STYLE = Automatic;
				DEVELOPMENT_TEAM = B6XP6DNN6W;
				INFOPLIST_FILE = quotidian/Info.plist;
				LD_RUNPATH_SEARCH_PATHS = (
					"$(inherited)",
					"@executable_path/Frameworks",
				);
				PRODUCT_BUNDLE_IDENTIFIER = com.jakecorrenti.quotidian;
				PRODUCT_NAME = "$(TARGET_NAME)";
				SWIFT_VERSION = 5.0;
				TARGETED_DEVICE_FAMILY = "1,2";
			};
			name = Debug;
		};
		3ED686F223DCCE0700955D61 /* Release */ = {
			isa = XCBuildConfiguration;
			baseConfigurationReference = B5CB5F5548ACF3F476020EB1 /* Pods-quotidian.release.xcconfig */;
			buildSettings = {
				ASSETCATALOG_COMPILER_APPICON_NAME = AppIcon;
				CODE_SIGN_ENTITLEMENTS = quotidian/quotidian.entitlements;
				CODE_SIGN_STYLE = Automatic;
				DEVELOPMENT_TEAM = B6XP6DNN6W;
				INFOPLIST_FILE = quotidian/Info.plist;
				LD_RUNPATH_SEARCH_PATHS = (
					"$(inherited)",
					"@executable_path/Frameworks",
				);
				PRODUCT_BUNDLE_IDENTIFIER = com.jakecorrenti.quotidian;
				PRODUCT_NAME = "$(TARGET_NAME)";
				SWIFT_VERSION = 5.0;
				TARGETED_DEVICE_FAMILY = "1,2";
			};
			name = Release;
		};
/* End XCBuildConfiguration section */

/* Begin XCConfigurationList section */
		3ED686D723DCCE0500955D61 /* Build configuration list for PBXProject "quotidian" */ = {
			isa = XCConfigurationList;
			buildConfigurations = (
				3ED686EE23DCCE0700955D61 /* Debug */,
				3ED686EF23DCCE0700955D61 /* Release */,
			);
			defaultConfigurationIsVisible = 0;
			defaultConfigurationName = Release;
		};
		3ED686F023DCCE0700955D61 /* Build configuration list for PBXNativeTarget "quotidian" */ = {
			isa = XCConfigurationList;
			buildConfigurations = (
				3ED686F123DCCE0700955D61 /* Debug */,
				3ED686F223DCCE0700955D61 /* Release */,
			);
			defaultConfigurationIsVisible = 0;
			defaultConfigurationName = Release;
		};
/* End XCConfigurationList section */
	};
	rootObject = 3ED686D423DCCE0500955D61 /* Project object */;
}
